
Microsoft Visual Studio Solution File, Format Version 12.00
# Visual Studio 15
VisualStudioVersion = 15.0.28010.2019
MinimumVisualStudioVersion = 10.0.40219.1
Project("{8BC9CEB8-8B4A-11D0-8D11-00A0C91BC942}") = "Practice0", "Practice0\Practice0.vcxproj", "{1403B8F8-FAF6-4404-960E-DEA8B0A3CF50}"
EndProject
Project("{8BC9CEB8-8B4A-11D0-8D11-00A0C91BC942}") = "Practice1", "Practice1\Practice1.vcxproj", "{F24D4E3B-8554-42D9-937F-3DB7B56233FB}"
EndProject
Project("{8BC9CEB8-8B4A-11D0-8D11-00A0C91BC942}") = "Practice2", "Practice2\Practice2.vcxproj", "{897CA8D3-191D-4895-A290-D61EF09F8CD9}"
EndProject
Project("{8BC9CEB8-8B4A-11D0-8D11-00A0C91BC942}") = "Practice3", "Practice3\Practice3.vcxproj", "{DDEFA3C8-B949-4996-B8D2-D5B0770ABE1F}"
EndProject
Project("{8BC9CEB8-8B4A-11D0-8D11-00A0C91BC942}") = "Practice4", "Practice4\Practice4.vcxproj", "{B9CB6B55-CDE0-45C6-9046-7A5280AB1048}"
EndProject
Global
	GlobalSection(SolutionConfigurationPlatforms) = preSolution
		Debug|x64 = Debug|x64
		Debug|x86 = Debug|x86
		Release|x64 = Release|x64
		Release|x86 = Release|x86
	EndGlobalSection
	GlobalSection(ProjectConfigurationPlatforms) = postSolution
		{1403B8F8-FAF6-4404-960E-DEA8B0A3CF50}.Debug|x64.ActiveCfg = Debug|x64
		{1403B8F8-FAF6-4404-960E-DEA8B0A3CF50}.Debug|x64.Build.0 = Debug|x64
		{1403B8F8-FAF6-4404-960E-DEA8B0A3CF50}.Debug|x86.ActiveCfg = Debug|Win32
		{1403B8F8-FAF6-4404-960E-DEA8B0A3CF50}.Debug|x86.Build.0 = Debug|Win32
		{1403B8F8-FAF6-4404-960E-DEA8B0A3CF50}.Release|x64.ActiveCfg = Release|x64
		{1403B8F8-FAF6-4404-960E-DEA8B0A3CF50}.Release|x64.Build.0 = Release|x64
		{1403B8F8-FAF6-4404-960E-DEA8B0A3CF50}.Release|x86.ActiveCfg = Release|Win32
		{1403B8F8-FAF6-4404-960E-DEA8B0A3CF50}.Release|x86.Build.0 = Release|Win32
		{F24D4E3B-8554-42D9-937F-3DB7B56233FB}.Debug|x64.ActiveCfg = Debug|x64
		{F24D4E3B-8554-42D9-937F-3DB7B56233FB}.Debug|x64.Build.0 = Debug|x64
		{F24D4E3B-8554-42D9-937F-3DB7B56233FB}.Debug|x86.ActiveCfg = Debug|Win32
		{F24D4E3B-8554-42D9-937F-3DB7B56233FB}.Debug|x86.Build.0 = Debug|Win32
		{F24D4E3B-8554-42D9-937F-3DB7B56233FB}.Release|x64.ActiveCfg = Release|x64
		{F24D4E3B-8554-42D9-937F-3DB7B56233FB}.Release|x64.Build.0 = Release|x64
		{F24D4E3B-8554-42D9-937F-3DB7B56233FB}.Release|x86.ActiveCfg = Release|Win32
		{F24D4E3B-8554-42D9-937F-3DB7B56233FB}.Release|x86.Build.0 = Release|Win32
		{897CA8D3-191D-4895-A290-D61EF09F8CD9}.Debug|x64.ActiveCfg = Debug|x64
		{897CA8D3-191D-4895-A290-D61EF09F8CD9}.Debug|x64.Build.0 = Debug|x64
		{897CA8D3-191D-4895-A290-D61EF09F8CD9}.Debug|x86.ActiveCfg = Debug|Win32
		{897CA8D3-191D-4895-A290-D61EF09F8CD9}.Debug|x86.Build.0 = Debug|Win32
		{897CA8D3-191D-4895-A290-D61EF09F8CD9}.Release|x64.ActiveCfg = Release|x64
		{897CA8D3-191D-4895-A290-D61EF09F8CD9}.Release|x64.Build.0 = Release|x64
		{897CA8D3-191D-4895-A290-D61EF09F8CD9}.Release|x86.ActiveCfg = Release|Win32
		{897CA8D3-191D-4895-A290-D61EF09F8CD9}.Release|x86.Build.0 = Release|Win32
		{DDEFA3C8-B949-4996-B8D2-D5B0770ABE1F}.Debug|x64.ActiveCfg = Debug|x64
		{DDEFA3C8-B949-4996-B8D2-D5B0770ABE1F}.Debug|x64.Build.0 = Debug|x64
		{DDEFA3C8-B949-4996-B8D2-D5B0770ABE1F}.Debug|x86.ActiveCfg = Debug|Win32
		{DDEFA3C8-B949-4996-B8D2-D5B0770ABE1F}.Debug|x86.Build.0 = Debug|Win32
		{DDEFA3C8-B949-4996-B8D2-D5B0770ABE1F}.Release|x64.ActiveCfg = Release|x64
		{DDEFA3C8-B949-4996-B8D2-D5B0770ABE1F}.Release|x64.Build.0 = Release|x64
		{DDEFA3C8-B949-4996-B8D2-D5B0770ABE1F}.Release|x86.ActiveCfg = Release|Win32
		{DDEFA3C8-B949-4996-B8D2-D5B0770ABE1F}.Release|x86.Build.0 = Release|Win32
		{B9CB6B55-CDE0-45C6-9046-7A5280AB1048}.Debug|x64.ActiveCfg = Debug|x64
		{B9CB6B55-CDE0-45C6-9046-7A5280AB1048}.Debug|x64.Build.0 = Debug|x64
		{B9CB6B55-CDE0-45C6-9046-7A5280AB1048}.Debug|x86.ActiveCfg = Debug|Win32
		{B9CB6B55-CDE0-45C6-9046-7A5280AB1048}.Debug|x86.Build.0 = Debug|Win32
		{B9CB6B55-CDE0-45C6-9046-7A5280AB1048}.Release|x64.ActiveCfg = Release|x64
		{B9CB6B55-CDE0-45C6-9046-7A5280AB1048}.Release|x64.Build.0 = Release|x64
		{B9CB6B55-CDE0-45C6-9046-7A5280AB1048}.Release|x86.ActiveCfg = Release|Win32
		{B9CB6B55-CDE0-45C6-9046-7A5280AB1048}.Release|x86.Build.0 = Release|Win32
	EndGlobalSection
	GlobalSection(SolutionProperties) = preSolution
		HideSolutionNode = FALSE
	EndGlobalSection
	GlobalSection(ExtensibilityGlobals) = postSolution
		SolutionGuid = {67FBA884-139A-46D5-8466-F6E62E36C01C}
	EndGlobalSection
EndGlobal
